// !$*UTF8*$!
{
	archiveVersion = 1;
	classes = {
	};
	objectVersion = 50;
	objects = {

/* Begin PBXBuildFile section */
		324F5F4423853A8200CE982D /* LoadingTableViewCell.swift in Sources */ = {isa = PBXBuildFile; fileRef = 324F5F4223853A8200CE982D /* LoadingTableViewCell.swift */; };
		324F5F4523853A8200CE982D /* LoadingTableViewCell.xib in Resources */ = {isa = PBXBuildFile; fileRef = 324F5F4323853A8200CE982D /* LoadingTableViewCell.xib */; };
		324F5F4823853BB300CE982D /* UITableVIewCell+Registration.swift in Sources */ = {isa = PBXBuildFile; fileRef = 324F5F4723853BB300CE982D /* UITableVIewCell+Registration.swift */; };
		324F5F4B23853D7C00CE982D /* UITableVIew+Registration.swift in Sources */ = {isa = PBXBuildFile; fileRef = 324F5F4A23853D7C00CE982D /* UITableVIew+Registration.swift */; };
		324F5F4D2385416400CE982D /* SearchViewModel.swift in Sources */ = {isa = PBXBuildFile; fileRef = 324F5F4C2385416400CE982D /* SearchViewModel.swift */; };
		324F5F542385489700CE982D /* Destination.swift in Sources */ = {isa = PBXBuildFile; fileRef = 324F5F532385489700CE982D /* Destination.swift */; };
		324F5F5623854CFD00CE982D /* Location.swift in Sources */ = {isa = PBXBuildFile; fileRef = 324F5F5523854CFD00CE982D /* Location.swift */; };
		324F5F5C23856D4D00CE982D /* DestinationTableViewCell.swift in Sources */ = {isa = PBXBuildFile; fileRef = 324F5F5A23856D4D00CE982D /* DestinationTableViewCell.swift */; };
		324F5F5D23856D4D00CE982D /* DestinationTableViewCell.xib in Resources */ = {isa = PBXBuildFile; fileRef = 324F5F5B23856D4D00CE982D /* DestinationTableViewCell.xib */; };
		324F5F5F2385C28000CE982D /* SearchService.swift in Sources */ = {isa = PBXBuildFile; fileRef = 324F5F5E2385C28000CE982D /* SearchService.swift */; };
		324F5F622386D81C00CE982D /* SearchViewController.swift in Sources */ = {isa = PBXBuildFile; fileRef = 324F5F602386D81C00CE982D /* SearchViewController.swift */; };
		324F5F632386D81C00CE982D /* SearchViewController.xib in Resources */ = {isa = PBXBuildFile; fileRef = 324F5F612386D81C00CE982D /* SearchViewController.xib */; };
		324F5F672386D88A00CE982D /* MapViewController.xib in Resources */ = {isa = PBXBuildFile; fileRef = 324F5F652386D88A00CE982D /* MapViewController.xib */; };
		324F5F6B2386DF5800CE982D /* IataAnnotationView.swift in Sources */ = {isa = PBXBuildFile; fileRef = 324F5F6A2386DF5800CE982D /* IataAnnotationView.swift */; };
		324F5F6D238724C900CE982D /* UITableVIew+BackgroundMessage.swift in Sources */ = {isa = PBXBuildFile; fileRef = 324F5F6C238724C900CE982D /* UITableVIew+BackgroundMessage.swift */; };
		3275B9A62385359900A312D4 /* MapViewController.swift in Sources */ = {isa = PBXBuildFile; fileRef = 3275B9A52385359900A312D4 /* MapViewController.swift */; };
		32A42F882385332300FFF12C /* AppDelegate.swift in Sources */ = {isa = PBXBuildFile; fileRef = 32A42F872385332300FFF12C /* AppDelegate.swift */; };
		32A42F8A2385332300FFF12C /* SceneDelegate.swift in Sources */ = {isa = PBXBuildFile; fileRef = 32A42F892385332300FFF12C /* SceneDelegate.swift */; };
		32A42F8F2385332300FFF12C /* Main.storyboard in Resources */ = {isa = PBXBuildFile; fileRef = 32A42F8D2385332300FFF12C /* Main.storyboard */; };
		32A42F912385332400FFF12C /* Assets.xcassets in Resources */ = {isa = PBXBuildFile; fileRef = 32A42F902385332400FFF12C /* Assets.xcassets */; };
		32A42F942385332400FFF12C /* LaunchScreen.storyboard in Resources */ = {isa = PBXBuildFile; fileRef = 32A42F922385332400FFF12C /* LaunchScreen.storyboard */; };
/* End PBXBuildFile section */

/* Begin PBXFileReference section */
		324F5F4223853A8200CE982D /* LoadingTableViewCell.swift */ = {isa = PBXFileReference; lastKnownFileType = sourcecode.swift; path = LoadingTableViewCell.swift; sourceTree = "<group>"; };
		324F5F4323853A8200CE982D /* LoadingTableViewCell.xib */ = {isa = PBXFileReference; lastKnownFileType = file.xib; path = LoadingTableViewCell.xib; sourceTree = "<group>"; };
		324F5F4723853BB300CE982D /* UITableVIewCell+Registration.swift */ = {isa = PBXFileReference; lastKnownFileType = sourcecode.swift; path = "UITableVIewCell+Registration.swift"; sourceTree = "<group>"; };
		324F5F4A23853D7C00CE982D /* UITableVIew+Registration.swift */ = {isa = PBXFileReference; lastKnownFileType = sourcecode.swift; path = "UITableVIew+Registration.swift"; sourceTree = "<group>"; };
		324F5F4C2385416400CE982D /* SearchViewModel.swift */ = {isa = PBXFileReference; lastKnownFileType = sourcecode.swift; path = SearchViewModel.swift; sourceTree = "<group>"; };
		324F5F532385489700CE982D /* Destination.swift */ = {isa = PBXFileReference; lastKnownFileType = sourcecode.swift; path = Destination.swift; sourceTree = "<group>"; };
		324F5F5523854CFD00CE982D /* Location.swift */ = {isa = PBXFileReference; lastKnownFileType = sourcecode.swift; path = Location.swift; sourceTree = "<group>"; };
		324F5F5A23856D4D00CE982D /* DestinationTableViewCell.swift */ = {isa = PBXFileReference; lastKnownFileType = sourcecode.swift; path = DestinationTableViewCell.swift; sourceTree = "<group>"; };
		324F5F5B23856D4D00CE982D /* DestinationTableViewCell.xib */ = {isa = PBXFileReference; lastKnownFileType = file.xib; path = DestinationTableViewCell.xib; sourceTree = "<group>"; };
		324F5F5E2385C28000CE982D /* SearchService.swift */ = {isa = PBXFileReference; lastKnownFileType = sourcecode.swift; path = SearchService.swift; sourceTree = "<group>"; };
		324F5F602386D81C00CE982D /* SearchViewController.swift */ = {isa = PBXFileReference; lastKnownFileType = sourcecode.swift; path = SearchViewController.swift; sourceTree = "<group>"; };
		324F5F612386D81C00CE982D /* SearchViewController.xib */ = {isa = PBXFileReference; lastKnownFileType = file.xib; path = SearchViewController.xib; sourceTree = "<group>"; };
		324F5F652386D88A00CE982D /* MapViewController.xib */ = {isa = PBXFileReference; lastKnownFileType = file.xib; path = MapViewController.xib; sourceTree = "<group>"; };
		324F5F6A2386DF5800CE982D /* IataAnnotationView.swift */ = {isa = PBXFileReference; lastKnownFileType = sourcecode.swift; path = IataAnnotationView.swift; sourceTree = "<group>"; };
		324F5F6C238724C900CE982D /* UITableVIew+BackgroundMessage.swift */ = {isa = PBXFileReference; lastKnownFileType = sourcecode.swift; path = "UITableVIew+BackgroundMessage.swift"; sourceTree = "<group>"; };
		3275B9A52385359900A312D4 /* MapViewController.swift */ = {isa = PBXFileReference; lastKnownFileType = sourcecode.swift; path = MapViewController.swift; sourceTree = "<group>"; };
		32A42F842385332300FFF12C /* AwayFromSaintP.app */ = {isa = PBXFileReference; explicitFileType = wrapper.application; includeInIndex = 0; path = AwayFromSaintP.app; sourceTree = BUILT_PRODUCTS_DIR; };
		32A42F872385332300FFF12C /* AppDelegate.swift */ = {isa = PBXFileReference; lastKnownFileType = sourcecode.swift; path = AppDelegate.swift; sourceTree = "<group>"; };
		32A42F892385332300FFF12C /* SceneDelegate.swift */ = {isa = PBXFileReference; lastKnownFileType = sourcecode.swift; path = SceneDelegate.swift; sourceTree = "<group>"; };
		32A42F8E2385332300FFF12C /* Base */ = {isa = PBXFileReference; lastKnownFileType = file.storyboard; name = Base; path = Base.lproj/Main.storyboard; sourceTree = "<group>"; };
		32A42F902385332400FFF12C /* Assets.xcassets */ = {isa = PBXFileReference; lastKnownFileType = folder.assetcatalog; path = Assets.xcassets; sourceTree = "<group>"; };
		32A42F932385332400FFF12C /* Base */ = {isa = PBXFileReference; lastKnownFileType = file.storyboard; name = Base; path = Base.lproj/LaunchScreen.storyboard; sourceTree = "<group>"; };
		32A42F952385332400FFF12C /* Info.plist */ = {isa = PBXFileReference; lastKnownFileType = text.plist.xml; path = Info.plist; sourceTree = "<group>"; };
/* End PBXFileReference section */

/* Begin PBXFrameworksBuildPhase section */
		32A42F812385332300FFF12C /* Frameworks */ = {
			isa = PBXFrameworksBuildPhase;
			buildActionMask = 2147483647;
			files = (
			);
			runOnlyForDeploymentPostprocessing = 0;
		};
/* End PBXFrameworksBuildPhase section */

/* Begin PBXGroup section */
		324F5F412385388A00CE982D /* ViewControllers */ = {
			isa = PBXGroup;
			children = (
				324F5F4F2385417A00CE982D /* Search */,
				324F5F682386DD3400CE982D /* Map */,
			);
			path = ViewControllers;
			sourceTree = "<group>";
		};
		324F5F4923853BC000CE982D /* Extensions */ = {
			isa = PBXGroup;
			children = (
				324F5F4723853BB300CE982D /* UITableVIewCell+Registration.swift */,
				324F5F4A23853D7C00CE982D /* UITableVIew+Registration.swift */,
				324F5F6C238724C900CE982D /* UITableVIew+BackgroundMessage.swift */,
			);
			path = Extensions;
			sourceTree = "<group>";
		};
		324F5F4F2385417A00CE982D /* Search */ = {
			isa = PBXGroup;
			children = (
				324F5F4C2385416400CE982D /* SearchViewModel.swift */,
				324F5F5E2385C28000CE982D /* SearchService.swift */,
				324F5F602386D81C00CE982D /* SearchViewController.swift */,
				324F5F612386D81C00CE982D /* SearchViewController.xib */,
			);
			path = Search;
			sourceTree = "<group>";
		};
		324F5F5723854E5300CE982D /* Models */ = {
			isa = PBXGroup;
			children = (
				324F5F532385489700CE982D /* Destination.swift */,
				324F5F5523854CFD00CE982D /* Location.swift */,
			);
			path = Models;
			sourceTree = "<group>";
		};
		324F5F5923856AE800CE982D /* Cells */ = {
			isa = PBXGroup;
			children = (
				324F5F4223853A8200CE982D /* LoadingTableViewCell.swift */,
				324F5F4323853A8200CE982D /* LoadingTableViewCell.xib */,
				324F5F5A23856D4D00CE982D /* DestinationTableViewCell.swift */,
				324F5F5B23856D4D00CE982D /* DestinationTableViewCell.xib */,
			);
			path = Cells;
			sourceTree = "<group>";
		};
		324F5F682386DD3400CE982D /* Map */ = {
			isa = PBXGroup;
			children = (
				3275B9A52385359900A312D4 /* MapViewController.swift */,
				324F5F652386D88A00CE982D /* MapViewController.xib */,
			);
			path = Map;
			sourceTree = "<group>";
		};
		324F5F692386DE3100CE982D /* Views */ = {
			isa = PBXGroup;
			children = (
				324F5F6A2386DF5800CE982D /* IataAnnotationView.swift */,
			);
			path = Views;
			sourceTree = "<group>";
		};
		32A42F7B2385332300FFF12C = {
			isa = PBXGroup;
			children = (
				32A42F862385332300FFF12C /* AwayFromSaintP */,
				32A42F852385332300FFF12C /* Products */,
			);
			sourceTree = "<group>";
		};
		32A42F852385332300FFF12C /* Products */ = {
			isa = PBXGroup;
			children = (
				32A42F842385332300FFF12C /* AwayFromSaintP.app */,
			);
			name = Products;
			sourceTree = "<group>";
		};
		32A42F862385332300FFF12C /* AwayFromSaintP */ = {
			isa = PBXGroup;
			children = (
				32A42F872385332300FFF12C /* AppDelegate.swift */,
				32A42F892385332300FFF12C /* SceneDelegate.swift */,
				324F5F692386DE3100CE982D /* Views */,
				324F5F5723854E5300CE982D /* Models */,
				324F5F5923856AE800CE982D /* Cells */,
				324F5F412385388A00CE982D /* ViewControllers */,
				324F5F4923853BC000CE982D /* Extensions */,
				32A42F9B2385334E00FFF12C /* Resources */,
			);
			path = AwayFromSaintP;
			sourceTree = "<group>";
		};
		32A42F9B2385334E00FFF12C /* Resources */ = {
			isa = PBXGroup;
			children = (
				32A42F8D2385332300FFF12C /* Main.storyboard */,
				32A42F902385332400FFF12C /* Assets.xcassets */,
				32A42F922385332400FFF12C /* LaunchScreen.storyboard */,
				32A42F952385332400FFF12C /* Info.plist */,
			);
			path = Resources;
			sourceTree = "<group>";
		};
/* End PBXGroup section */

/* Begin PBXNativeTarget section */
		32A42F832385332300FFF12C /* AwayFromSaintP */ = {
			isa = PBXNativeTarget;
			buildConfigurationList = 32A42F982385332400FFF12C /* Build configuration list for PBXNativeTarget "AwayFromSaintP" */;
			buildPhases = (
				32A42F802385332300FFF12C /* Sources */,
				32A42F812385332300FFF12C /* Frameworks */,
				32A42F822385332300FFF12C /* Resources */,
			);
			buildRules = (
			);
			dependencies = (
			);
			name = AwayFromSaintP;
			productName = AwayFromSaintP;
			productReference = 32A42F842385332300FFF12C /* AwayFromSaintP.app */;
			productType = "com.apple.product-type.application";
		};
/* End PBXNativeTarget section */

/* Begin PBXProject section */
		32A42F7C2385332300FFF12C /* Project object */ = {
			isa = PBXProject;
			attributes = {
				LastSwiftUpdateCheck = 1120;
				LastUpgradeCheck = 1120;
				ORGANIZATIONNAME = "Dmitry Rozov";
				TargetAttributes = {
					32A42F832385332300FFF12C = {
						CreatedOnToolsVersion = 11.2.1;
					};
				};
			};
			buildConfigurationList = 32A42F7F2385332300FFF12C /* Build configuration list for PBXProject "AwayFromSaintP" */;
			compatibilityVersion = "Xcode 9.3";
			developmentRegion = en;
			hasScannedForEncodings = 0;
			knownRegions = (
				en,
				Base,
			);
			mainGroup = 32A42F7B2385332300FFF12C;
			productRefGroup = 32A42F852385332300FFF12C /* Products */;
			projectDirPath = "";
			projectRoot = "";
			targets = (
				32A42F832385332300FFF12C /* AwayFromSaintP */,
			);
		};
/* End PBXProject section */

/* Begin PBXResourcesBuildPhase section */
		32A42F822385332300FFF12C /* Resources */ = {
			isa = PBXResourcesBuildPhase;
			buildActionMask = 2147483647;
			files = (
				32A42F942385332400FFF12C /* LaunchScreen.storyboard in Resources */,
				324F5F5D23856D4D00CE982D /* DestinationTableViewCell.xib in Resources */,
				324F5F632386D81C00CE982D /* SearchViewController.xib in Resources */,
				32A42F912385332400FFF12C /* Assets.xcassets in Resources */,
				324F5F672386D88A00CE982D /* MapViewController.xib in Resources */,
				324F5F4523853A8200CE982D /* LoadingTableViewCell.xib in Resources */,
				32A42F8F2385332300FFF12C /* Main.storyboard in Resources */,
			);
			runOnlyForDeploymentPostprocessing = 0;
		};
/* End PBXResourcesBuildPhase section */

/* Begin PBXSourcesBuildPhase section */
		32A42F802385332300FFF12C /* Sources */ = {
			isa = PBXSourcesBuildPhase;
			buildActionMask = 2147483647;
			files = (
				324F5F6B2386DF5800CE982D /* IataAnnotationView.swift in Sources */,
				324F5F4823853BB300CE982D /* UITableVIewCell+Registration.swift in Sources */,
				324F5F4423853A8200CE982D /* LoadingTableViewCell.swift in Sources */,
				324F5F5623854CFD00CE982D /* Location.swift in Sources */,
				324F5F4D2385416400CE982D /* SearchViewModel.swift in Sources */,
				32A42F882385332300FFF12C /* AppDelegate.swift in Sources */,
				324F5F542385489700CE982D /* Destination.swift in Sources */,
				32A42F8A2385332300FFF12C /* SceneDelegate.swift in Sources */,
				324F5F622386D81C00CE982D /* SearchViewController.swift in Sources */,
				3275B9A62385359900A312D4 /* MapViewController.swift in Sources */,
				324F5F5F2385C28000CE982D /* SearchService.swift in Sources */,
				324F5F4B23853D7C00CE982D /* UITableVIew+Registration.swift in Sources */,
				324F5F5C23856D4D00CE982D /* DestinationTableViewCell.swift in Sources */,
				324F5F6D238724C900CE982D /* UITableVIew+BackgroundMessage.swift in Sources */,
			);
			runOnlyForDeploymentPostprocessing = 0;
		};
/* End PBXSourcesBuildPhase section */

/* Begin PBXVariantGroup section */
		32A42F8D2385332300FFF12C /* Main.storyboard */ = {
			isa = PBXVariantGroup;
			children = (
				32A42F8E2385332300FFF12C /* Base */,
			);
			name = Main.storyboard;
			sourceTree = "<group>";
		};
		32A42F922385332400FFF12C /* LaunchScreen.storyboard */ = {
			isa = PBXVariantGroup;
			children = (
				32A42F932385332400FFF12C /* Base */,
			);
			name = LaunchScreen.storyboard;
			sourceTree = "<group>";
		};
/* End PBXVariantGroup section */

/* Begin XCBuildConfiguration section */
		32A42F962385332400FFF12C /* Debug */ = {
			isa = XCBuildConfiguration;
			buildSettings = {
				ALWAYS_SEARCH_USER_PATHS = NO;
				CLANG_ANALYZER_NONNULL = YES;
				CLANG_ANALYZER_NUMBER_OBJECT_CONVERSION = YES_AGGRESSIVE;
				CLANG_CXX_LANGUAGE_STANDARD = "gnu++14";
				CLANG_CXX_LIBRARY = "libc++";
				CLANG_ENABLE_MODULES = YES;
				CLANG_ENABLE_OBJC_ARC = YES;
				CLANG_ENABLE_OBJC_WEAK = YES;
				CLANG_WARN_BLOCK_CAPTURE_AUTORELEASING = YES;
				CLANG_WARN_BOOL_CONVERSION = YES;
				CLANG_WARN_COMMA = YES;
				CLANG_WARN_CONSTANT_CONVERSION = YES;
				CLANG_WARN_DEPRECATED_OBJC_IMPLEMENTATIONS = YES;
				CLANG_WARN_DIRECT_OBJC_ISA_USAGE = YES_ERROR;
				CLANG_WARN_DOCUMENTATION_COMMENTS = YES;
				CLANG_WARN_EMPTY_BODY = YES;
				CLANG_WARN_ENUM_CONVERSION = YES;
				CLANG_WARN_INFINITE_RECURSION = YES;
				CLANG_WARN_INT_CONVERSION = YES;
				CLANG_WARN_NON_LITERAL_NULL_CONVERSION = YES;
				CLANG_WARN_OBJC_IMPLICIT_RETAIN_SELF = YES;
				CLANG_WARN_OBJC_LITERAL_CONVERSION = YES;
				CLANG_WARN_OBJC_ROOT_CLASS = YES_ERROR;
				CLANG_WARN_RANGE_LOOP_ANALYSIS = YES;
				CLANG_WARN_STRICT_PROTOTYPES = YES;
				CLANG_WARN_SUSPICIOUS_MOVE = YES;
				CLANG_WARN_UNGUARDED_AVAILABILITY = YES_AGGRESSIVE;
				CLANG_WARN_UNREACHABLE_CODE = YES;
				CLANG_WARN__DUPLICATE_METHOD_MATCH = YES;
				COPY_PHASE_STRIP = NO;
				DEBUG_INFORMATION_FORMAT = dwarf;
				ENABLE_STRICT_OBJC_MSGSEND = YES;
				ENABLE_TESTABILITY = YES;
				GCC_C_LANGUAGE_STANDARD = gnu11;
				GCC_DYNAMIC_NO_PIC = NO;
				GCC_NO_COMMON_BLOCKS = YES;
				GCC_OPTIMIZATION_LEVEL = 0;
				GCC_PREPROCESSOR_DEFINITIONS = (
					"DEBUG=1",
					"$(inherited)",
				);
				GCC_WARN_64_TO_32_BIT_CONVERSION = YES;
				GCC_WARN_ABOUT_RETURN_TYPE = YES_ERROR;
				GCC_WARN_UNDECLARED_SELECTOR = YES;
				GCC_WARN_UNINITIALIZED_AUTOS = YES_AGGRESSIVE;
				GCC_WARN_UNUSED_FUNCTION = YES;
				GCC_WARN_UNUSED_VARIABLE = YES;
				IPHONEOS_DEPLOYMENT_TARGET = 13.2;
				MTL_ENABLE_DEBUG_INFO = INCLUDE_SOURCE;
				MTL_FAST_MATH = YES;
				ONLY_ACTIVE_ARCH = YES;
				SDKROOT = iphoneos;
				SWIFT_ACTIVE_COMPILATION_CONDITIONS = DEBUG;
				SWIFT_OPTIMIZATION_LEVEL = "-Onone";
			};
			name = Debug;
		};
		32A42F972385332400FFF12C /* Release */ = {
			isa = XCBuildConfiguration;
			buildSettings = {
				ALWAYS_SEARCH_USER_PATHS = NO;
				CLANG_ANALYZER_NONNULL = YES;
				CLANG_ANALYZER_NUMBER_OBJECT_CONVERSION = YES_AGGRESSIVE;
				CLANG_CXX_LANGUAGE_STANDARD = "gnu++14";
				CLANG_CXX_LIBRARY = "libc++";
				CLANG_ENABLE_MODULES = YES;
				CLANG_ENABLE_OBJC_ARC = YES;
				CLANG_ENABLE_OBJC_WEAK = YES;
				CLANG_WARN_BLOCK_CAPTURE_AUTORELEASING = YES;
				CLANG_WARN_BOOL_CONVERSION = YES;
				CLANG_WARN_COMMA = YES;
				CLANG_WARN_CONSTANT_CONVERSION = YES;
				CLANG_WARN_DEPRECATED_OBJC_IMPLEMENTATIONS = YES;
				CLANG_WARN_DIRECT_OBJC_ISA_USAGE = YES_ERROR;
				CLANG_WARN_DOCUMENTATION_COMMENTS = YES;
				CLANG_WARN_EMPTY_BODY = YES;
				CLANG_WARN_ENUM_CONVERSION = YES;
				CLANG_WARN_INFINITE_RECURSION = YES;
				CLANG_WARN_INT_CONVERSION = YES;
				CLANG_WARN_NON_LITERAL_NULL_CONVERSION = YES;
				CLANG_WARN_OBJC_IMPLICIT_RETAIN_SELF = YES;
				CLANG_WARN_OBJC_LITERAL_CONVERSION = YES;
				CLANG_WARN_OBJC_ROOT_CLASS = YES_ERROR;
				CLANG_WARN_RANGE_LOOP_ANALYSIS = YES;
				CLANG_WARN_STRICT_PROTOTYPES = YES;
				CLANG_WARN_SUSPICIOUS_MOVE = YES;
				CLANG_WARN_UNGUARDED_AVAILABILITY = YES_AGGRESSIVE;
				CLANG_WARN_UNREACHABLE_CODE = YES;
				CLANG_WARN__DUPLICATE_METHOD_MATCH = YES;
				COPY_PHASE_STRIP = NO;
				DEBUG_INFORMATION_FORMAT = "dwarf-with-dsym";
				ENABLE_NS_ASSERTIONS = NO;
				ENABLE_STRICT_OBJC_MSGSEND = YES;
				GCC_C_LANGUAGE_STANDARD = gnu11;
				GCC_NO_COMMON_BLOCKS = YES;
				GCC_WARN_64_TO_32_BIT_CONVERSION = YES;
				GCC_WARN_ABOUT_RETURN_TYPE = YES_ERROR;
				GCC_WARN_UNDECLARED_SELECTOR = YES;
				GCC_WARN_UNINITIALIZED_AUTOS = YES_AGGRESSIVE;
				GCC_WARN_UNUSED_FUNCTION = YES;
				GCC_WARN_UNUSED_VARIABLE = YES;
				IPHONEOS_DEPLOYMENT_TARGET = 13.2;
				MTL_ENABLE_DEBUG_INFO = NO;
				MTL_FAST_MATH = YES;
				SDKROOT = iphoneos;
				SWIFT_COMPILATION_MODE = wholemodule;
				SWIFT_OPTIMIZATION_LEVEL = "-O";
				VALIDATE_PRODUCT = YES;
			};
			name = Release;
		};
		32A42F992385332400FFF12C /* Debug */ = {
			isa = XCBuildConfiguration;
			buildSettings = {
				ASSETCATALOG_COMPILER_APPICON_NAME = AppIcon;
				CODE_SIGN_STYLE = Automatic;
				DEVELOPMENT_TEAM = SQB7VEY73T;
				INFOPLIST_FILE = "$(SRCROOT)/AwayFromSaintP/Resources/Info.plist";
				IPHONEOS_DEPLOYMENT_TARGET = 13.0;
				LD_RUNPATH_SEARCH_PATHS = (
					"$(inherited)",
					"@executable_path/Frameworks",
				);
				PRODUCT_BUNDLE_IDENTIFIER = ru.dmitryrozv.AwayFromSaintP;
				PRODUCT_NAME = "$(TARGET_NAME)";
				SWIFT_VERSION = 5.0;
				TARGETED_DEVICE_FAMILY = "1,2";
			};
			name = Debug;
		};
		32A42F9A2385332400FFF12C /* Release */ = {
			isa = XCBuildConfiguration;
			buildSettings = {
				ASSETCATALOG_COMPILER_APPICON_NAME = AppIcon;
				CODE_SIGN_STYLE = Automatic;
				DEVELOPMENT_TEAM = SQB7VEY73T;
				INFOPLIST_FILE = "$(SRCROOT)/AwayFromSaintP/Resources/Info.plist";
				IPHONEOS_DEPLOYMENT_TARGET = 13.0;
				LD_RUNPATH_SEARCH_PATHS = (
					"$(inherited)",
					"@executable_path/Frameworks",
				);
				PRODUCT_BUNDLE_IDENTIFIER = ru.dmitryrozv.AwayFromSaintP;
				PRODUCT_NAME = "$(TARGET_NAME)";
				SWIFT_VERSION = 5.0;
				TARGETED_DEVICE_FAMILY = "1,2";
			};
			name = Release;
		};
/* End XCBuildConfiguration section */

/* Begin XCConfigurationList section */
		32A42F7F2385332300FFF12C /* Build configuration list for PBXProject "AwayFromSaintP" */ = {
			isa = XCConfigurationList;
			buildConfigurations = (
				32A42F962385332400FFF12C /* Debug */,
				32A42F972385332400FFF12C /* Release */,
			);
			defaultConfigurationIsVisible = 0;
			defaultConfigurationName = Release;
		};
		32A42F982385332400FFF12C /* Build configuration list for PBXNativeTarget "AwayFromSaintP" */ = {
			isa = XCConfigurationList;
			buildConfigurations = (
				32A42F992385332400FFF12C /* Debug */,
				32A42F9A2385332400FFF12C /* Release */,
			);
			defaultConfigurationIsVisible = 0;
			defaultConfigurationName = Release;
		};
/* End XCConfigurationList section */
	};
	rootObject = 32A42F7C2385332300FFF12C /* Project object */;
}
